
Microsoft Visual Studio Solution File, Format Version 12.00
# Visual Studio Version 17
VisualStudioVersion = 17.14.37203.1 d17.14
MinimumVisualStudioVersion = 10.0.40219.1
Project("{FAE04EC0-301F-11D3-BF4B-00C04F79EFBC}") = "Lab30", "Lab30.csproj", "{DCF33E0D-1887-4121-92AA-6CF7B58D9CC2}"
EndProject
Global
	GlobalSection(SolutionConfigurationPlatforms) = preSolution
		Debug|Any CPU = Debug|Any CPU
		Release|Any CPU = Release|Any CPU
	EndGlobalSection
	GlobalSection(ProjectConfigurationPlatforms) = postSolution
		{DCF33E0D-1887-4121-92AA-6CF7B58D9CC2}.Debug|Any CPU.ActiveCfg = Debug|Any CPU
		{DCF33E0D-1887-4121-92AA-6CF7B58D9CC2}.Debug|Any CPU.Build.0 = Debug|Any CPU
		{DCF33E0D-1887-4121-92AA-6CF7B58D9CC2}.Release|Any CPU.ActiveCfg = Release|Any CPU
		{DCF33E0D-1887-4121-92AA-6CF7B58D9CC2}.Release|Any CPU.Build.0 = Release|Any CPU
	EndGlobalSection
	GlobalSection(SolutionProperties) = preSolution
		HideSolutionNode = FALSE
	EndGlobalSection
	GlobalSection(ExtensibilityGlobals) = postSolution
		SolutionGuid = {12103DFE-3975-4199-A281-1C88CDDB9FC0}
	EndGlobalSection
EndGlobal
