
Microsoft Visual Studio Solution File, Format Version 12.00
# Visual Studio Version 17
VisualStudioVersion = 17.14.36429.23
MinimumVisualStudioVersion = 10.0.40219.1
Project("{FAE04EC0-301F-11D3-BF4B-00C04F79EFBC}") = "MK2", "MK2\MK2.csproj", "{01AF57B9-341D-4324-BE7B-7AC24CF2F242}"
EndProject
Project("{FAE04EC0-301F-11D3-BF4B-00C04F79EFBC}") = "MK2_1", "MK2_1\MK2_1.csproj", "{2DD393AA-05C7-4245-BEC2-C1DC09A2354D}"
EndProject
Project("{FAE04EC0-301F-11D3-BF4B-00C04F79EFBC}") = "MK2_Task1", "MK2_Task1\MK2_Task1.csproj", "{11876F96-D04C-4628-A6FA-870E6EE79A2E}"
EndProject
Project("{FAE04EC0-301F-11D3-BF4B-00C04F79EFBC}") = "MK2_Task2", "MK2_Task2\MK2_Task2.csproj", "{E986B4CA-90B7-405A-BBA3-FB125DF0BFC9}"
EndProject
Project("{FAE04EC0-301F-11D3-BF4B-00C04F79EFBC}") = "MK2_Task4", "MK2_Task4\MK2_Task4.csproj", "{D6A5BB64-D54B-4D9C-B3A8-D661DAEDA881}"
EndProject
Project("{FAE04EC0-301F-11D3-BF4B-00C04F79EFBC}") = "MK2_Task5", "MK2_Task5\MK2_Task5.csproj", "{876140A0-5D7E-425F-82D7-3A9368F35788}"
EndProject
Project("{FAE04EC0-301F-11D3-BF4B-00C04F79EFBC}") = "MK2_Task6", "MK2_Task6\MK2_Task6.csproj", "{B1E193C8-09BA-49B6-8C92-76F1E8259C0C}"
EndProject
Project("{FAE04EC0-301F-11D3-BF4B-00C04F79EFBC}") = "MK2_Task7", "MK2_Task7\MK2_Task7.csproj", "{D295C337-DBD6-4BA7-89CB-6959C4526DC4}"
EndProject
Project("{FAE04EC0-301F-11D3-BF4B-00C04F79EFBC}") = "MK2_Task8", "MK2_Task8\MK2_Task8.csproj", "{9AE5DEF8-CD15-43A1-A8C3-4FA856639383}"
EndProject
Project("{FAE04EC0-301F-11D3-BF4B-00C04F79EFBC}") = "MK2_Task9", "MK2_Task9\MK2_Task9.csproj", "{8D41269E-4C1B-4063-91EB-3601FBA69BFB}"
EndProject
Project("{FAE04EC0-301F-11D3-BF4B-00C04F79EFBC}") = "MK2_Task10", "MK2_Task10\MK2_Task10.csproj", "{77A104A6-CFB3-4641-93E3-E32E1D0CE471}"
EndProject
Project("{FAE04EC0-301F-11D3-BF4B-00C04F79EFBC}") = "MK2_Task11", "MK2_Task11\MK2_Task11.csproj", "{5BCB2EBC-1A6E-4A28-B792-544859F253DA}"
EndProject
Project("{FAE04EC0-301F-11D3-BF4B-00C04F79EFBC}") = "MK2_3", "MK2_3\MK2_3.csproj", "{9127468C-BD5C-4BD4-A039-E573ABF321EB}"
EndProject
Global
	GlobalSection(SolutionConfigurationPlatforms) = preSolution
		Debug|Any CPU = Debug|Any CPU
		Release|Any CPU = Release|Any CPU
	EndGlobalSection
	GlobalSection(ProjectConfigurationPlatforms) = postSolution
		{01AF57B9-341D-4324-BE7B-7AC24CF2F242}.Debug|Any CPU.ActiveCfg = Debug|Any CPU
		{01AF57B9-341D-4324-BE7B-7AC24CF2F242}.Debug|Any CPU.Build.0 = Debug|Any CPU
		{01AF57B9-341D-4324-BE7B-7AC24CF2F242}.Release|Any CPU.ActiveCfg = Release|Any CPU
		{01AF57B9-341D-4324-BE7B-7AC24CF2F242}.Release|Any CPU.Build.0 = Release|Any CPU
		{2DD393AA-05C7-4245-BEC2-C1DC09A2354D}.Debug|Any CPU.ActiveCfg = Debug|Any CPU
		{2DD393AA-05C7-4245-BEC2-C1DC09A2354D}.Debug|Any CPU.Build.0 = Debug|Any CPU
		{2DD393AA-05C7-4245-BEC2-C1DC09A2354D}.Release|Any CPU.ActiveCfg = Release|Any CPU
		{2DD393AA-05C7-4245-BEC2-C1DC09A2354D}.Release|Any CPU.Build.0 = Release|Any CPU
		{11876F96-D04C-4628-A6FA-870E6EE79A2E}.Debug|Any CPU.ActiveCfg = Debug|Any CPU
		{11876F96-D04C-4628-A6FA-870E6EE79A2E}.Debug|Any CPU.Build.0 = Debug|Any CPU
		{11876F96-D04C-4628-A6FA-870E6EE79A2E}.Release|Any CPU.ActiveCfg = Release|Any CPU
		{11876F96-D04C-4628-A6FA-870E6EE79A2E}.Release|Any CPU.Build.0 = Release|Any CPU
		{E986B4CA-90B7-405A-BBA3-FB125DF0BFC9}.Debug|Any CPU.ActiveCfg = Debug|Any CPU
		{E986B4CA-90B7-405A-BBA3-FB125DF0BFC9}.Debug|Any CPU.Build.0 = Debug|Any CPU
		{E986B4CA-90B7-405A-BBA3-FB125DF0BFC9}.Release|Any CPU.ActiveCfg = Release|Any CPU
		{E986B4CA-90B7-405A-BBA3-FB125DF0BFC9}.Release|Any CPU.Build.0 = Release|Any CPU
		{D6A5BB64-D54B-4D9C-B3A8-D661DAEDA881}.Debug|Any CPU.ActiveCfg = Debug|Any CPU
		{D6A5BB64-D54B-4D9C-B3A8-D661DAEDA881}.Debug|Any CPU.Build.0 = Debug|Any CPU
		{D6A5BB64-D54B-4D9C-B3A8-D661DAEDA881}.Release|Any CPU.ActiveCfg = Release|Any CPU
		{D6A5BB64-D54B-4D9C-B3A8-D661DAEDA881}.Release|Any CPU.Build.0 = Release|Any CPU
		{876140A0-5D7E-425F-82D7-3A9368F35788}.Debug|Any CPU.ActiveCfg = Debug|Any CPU
		{876140A0-5D7E-425F-82D7-3A9368F35788}.Debug|Any CPU.Build.0 = Debug|Any CPU
		{876140A0-5D7E-425F-82D7-3A9368F35788}.Release|Any CPU.ActiveCfg = Release|Any CPU
		{876140A0-5D7E-425F-82D7-3A9368F35788}.Release|Any CPU.Build.0 = Release|Any CPU
		{B1E193C8-09BA-49B6-8C92-76F1E8259C0C}.Debug|Any CPU.ActiveCfg = Debug|Any CPU
		{B1E193C8-09BA-49B6-8C92-76F1E8259C0C}.Debug|Any CPU.Build.0 = Debug|Any CPU
		{B1E193C8-09BA-49B6-8C92-76F1E8259C0C}.Release|Any CPU.ActiveCfg = Release|Any CPU
		{B1E193C8-09BA-49B6-8C92-76F1E8259C0C}.Release|Any CPU.Build.0 = Release|Any CPU
		{D295C337-DBD6-4BA7-89CB-6959C4526DC4}.Debug|Any CPU.ActiveCfg = Debug|Any CPU
		{D295C337-DBD6-4BA7-89CB-6959C4526DC4}.Debug|Any CPU.Build.0 = Debug|Any CPU
		{D295C337-DBD6-4BA7-89CB-6959C4526DC4}.Release|Any CPU.ActiveCfg = Release|Any CPU
		{D295C337-DBD6-4BA7-89CB-6959C4526DC4}.Release|Any CPU.Build.0 = Release|Any CPU
		{9AE5DEF8-CD15-43A1-A8C3-4FA856639383}.Debug|Any CPU.ActiveCfg = Debug|Any CPU
		{9AE5DEF8-CD15-43A1-A8C3-4FA856639383}.Debug|Any CPU.Build.0 = Debug|Any CPU
		{9AE5DEF8-CD15-43A1-A8C3-4FA856639383}.Release|Any CPU.ActiveCfg = Release|Any CPU
		{9AE5DEF8-CD15-43A1-A8C3-4FA856639383}.Release|Any CPU.Build.0 = Release|Any CPU
		{8D41269E-4C1B-4063-91EB-3601FBA69BFB}.Debug|Any CPU.ActiveCfg = Debug|Any CPU
		{8D41269E-4C1B-4063-91EB-3601FBA69BFB}.Debug|Any CPU.Build.0 = Debug|Any CPU
		{8D41269E-4C1B-4063-91EB-3601FBA69BFB}.Release|Any CPU.ActiveCfg = Release|Any CPU
		{8D41269E-4C1B-4063-91EB-3601FBA69BFB}.Release|Any CPU.Build.0 = Release|Any CPU
		{77A104A6-CFB3-4641-93E3-E32E1D0CE471}.Debug|Any CPU.ActiveCfg = Debug|Any CPU
		{77A104A6-CFB3-4641-93E3-E32E1D0CE471}.Debug|Any CPU.Build.0 = Debug|Any CPU
		{77A104A6-CFB3-4641-93E3-E32E1D0CE471}.Release|Any CPU.ActiveCfg = Release|Any CPU
		{77A104A6-CFB3-4641-93E3-E32E1D0CE471}.Release|Any CPU.Build.0 = Release|Any CPU
		{5BCB2EBC-1A6E-4A28-B792-544859F253DA}.Debug|Any CPU.ActiveCfg = Debug|Any CPU
		{5BCB2EBC-1A6E-4A28-B792-544859F253DA}.Debug|Any CPU.Build.0 = Debug|Any CPU
		{5BCB2EBC-1A6E-4A28-B792-544859F253DA}.Release|Any CPU.ActiveCfg = Release|Any CPU
		{5BCB2EBC-1A6E-4A28-B792-544859F253DA}.Release|Any CPU.Build.0 = Release|Any CPU
		{9127468C-BD5C-4BD4-A039-E573ABF321EB}.Debug|Any CPU.ActiveCfg = Debug|Any CPU
		{9127468C-BD5C-4BD4-A039-E573ABF321EB}.Debug|Any CPU.Build.0 = Debug|Any CPU
		{9127468C-BD5C-4BD4-A039-E573ABF321EB}.Release|Any CPU.ActiveCfg = Release|Any CPU
		{9127468C-BD5C-4BD4-A039-E573ABF321EB}.Release|Any CPU.Build.0 = Release|Any CPU
	EndGlobalSection
	GlobalSection(SolutionProperties) = preSolution
		HideSolutionNode = FALSE
	EndGlobalSection
	GlobalSection(ExtensibilityGlobals) = postSolution
		SolutionGuid = {A5BDC517-2FC7-4D58-B02F-BA7E2ED137A2}
	EndGlobalSection
EndGlobal
