
Microsoft Visual Studio Solution File, Format Version 12.00
# Visual Studio Version 17
VisualStudioVersion = 17.14.36429.23
MinimumVisualStudioVersion = 10.0.40219.1
Project("{FAE04EC0-301F-11D3-BF4B-00C04F79EFBC}") = "Lab6-7", "Lab6-7\Lab6-7.csproj", "{C84B71BD-4526-46B3-87E4-AEE25EF7E38C}"
EndProject
Project("{FAE04EC0-301F-11D3-BF4B-00C04F79EFBC}") = "Lab6-7_Task1", "Lab6-7_Task1\Lab6-7_Task1.csproj", "{880B710C-F7F4-4077-88C8-F12EDCB5B3B2}"
EndProject
Project("{FAE04EC0-301F-11D3-BF4B-00C04F79EFBC}") = "Lab6-7_Task2", "Lab6-7_Task2\Lab6-7_Task2.csproj", "{50093B66-5414-4C1C-B76E-368B33B4EDE1}"
EndProject
Project("{FAE04EC0-301F-11D3-BF4B-00C04F79EFBC}") = "Lab6-7_Task3", "Lab6-7_Task3\Lab6-7_Task3.csproj", "{3E7AB19E-CBD9-4C06-90F3-DFCEE2950D3A}"
EndProject
Project("{FAE04EC0-301F-11D3-BF4B-00C04F79EFBC}") = "Lab6-7_Task5", "Lab6-7_Task5\Lab6-7_Task5.csproj", "{29CAEA80-09C4-4580-B74C-4EB98CBDC984}"
EndProject
Project("{FAE04EC0-301F-11D3-BF4B-00C04F79EFBC}") = "Lab6-7_Task6", "Lab6-7_Task6\Lab6-7_Task6.csproj", "{FFC54399-D1C2-459F-BFA6-69AA3093A22F}"
EndProject
Project("{FAE04EC0-301F-11D3-BF4B-00C04F79EFBC}") = "Lab6-7_Task7", "Lab6-7_Task7\Lab6-7_Task7.csproj", "{425C700F-61A4-4A0B-A939-6EB7455C547F}"
EndProject
Project("{FAE04EC0-301F-11D3-BF4B-00C04F79EFBC}") = "Lab6-7_Task8", "Lab6-7_Task8\Lab6-7_Task8.csproj", "{268519E6-323B-410B-A395-604486C0B7B2}"
EndProject
Project("{FAE04EC0-301F-11D3-BF4B-00C04F79EFBC}") = "Lab6-7_Task11", "Lab6-7_Task11\Lab6-7_Task11.csproj", "{5F56F9B1-085B-405A-9436-534180002800}"
EndProject
Project("{FAE04EC0-301F-11D3-BF4B-00C04F79EFBC}") = "Lab6-7_Task12", "Lab6-7_Task12\Lab6-7_Task12.csproj", "{01C281DB-AC9B-44BA-91C7-5D565E21543C}"
EndProject
Project("{FAE04EC0-301F-11D3-BF4B-00C04F79EFBC}") = "Lab6-7_Task14", "Lab6-7_Task14\Lab6-7_Task14.csproj", "{8CCDF07B-AD1A-4D5D-8406-6478BB307FD9}"
EndProject
Project("{FAE04EC0-301F-11D3-BF4B-00C04F79EFBC}") = "Lab6-7_Task9", "Lab6-7_Task9\Lab6-7_Task9.csproj", "{E6770FB0-3D93-40DA-B526-934C45BF8A51}"
EndProject
Project("{FAE04EC0-301F-11D3-BF4B-00C04F79EFBC}") = "Lab6-7_Task10", "Lab6-7_Task10\Lab6-7_Task10.csproj", "{EA1F427D-7EF8-4D82-8980-E5570D86E202}"
EndProject
Project("{FAE04EC0-301F-11D3-BF4B-00C04F79EFBC}") = "Lab6-7_Task13", "Lab6-7_Task13\Lab6-7_Task13.csproj", "{065EDFDB-9554-4024-B41C-1D306F1FCB57}"
EndProject
Project("{FAE04EC0-301F-11D3-BF4B-00C04F79EFBC}") = "Lab6-7_Task15", "Lab6-7_Task15\Lab6-7_Task15.csproj", "{FB7D2FF9-4DBA-45DA-9AE8-08B7E16BEC18}"
EndProject
Global
	GlobalSection(SolutionConfigurationPlatforms) = preSolution
		Debug|Any CPU = Debug|Any CPU
		Release|Any CPU = Release|Any CPU
	EndGlobalSection
	GlobalSection(ProjectConfigurationPlatforms) = postSolution
		{C84B71BD-4526-46B3-87E4-AEE25EF7E38C}.Debug|Any CPU.ActiveCfg = Debug|Any CPU
		{C84B71BD-4526-46B3-87E4-AEE25EF7E38C}.Debug|Any CPU.Build.0 = Debug|Any CPU
		{C84B71BD-4526-46B3-87E4-AEE25EF7E38C}.Release|Any CPU.ActiveCfg = Release|Any CPU
		{C84B71BD-4526-46B3-87E4-AEE25EF7E38C}.Release|Any CPU.Build.0 = Release|Any CPU
		{880B710C-F7F4-4077-88C8-F12EDCB5B3B2}.Debug|Any CPU.ActiveCfg = Debug|Any CPU
		{880B710C-F7F4-4077-88C8-F12EDCB5B3B2}.Debug|Any CPU.Build.0 = Debug|Any CPU
		{880B710C-F7F4-4077-88C8-F12EDCB5B3B2}.Release|Any CPU.ActiveCfg = Release|Any CPU
		{880B710C-F7F4-4077-88C8-F12EDCB5B3B2}.Release|Any CPU.Build.0 = Release|Any CPU
		{50093B66-5414-4C1C-B76E-368B33B4EDE1}.Debug|Any CPU.ActiveCfg = Debug|Any CPU
		{50093B66-5414-4C1C-B76E-368B33B4EDE1}.Debug|Any CPU.Build.0 = Debug|Any CPU
		{50093B66-5414-4C1C-B76E-368B33B4EDE1}.Release|Any CPU.ActiveCfg = Release|Any CPU
		{50093B66-5414-4C1C-B76E-368B33B4EDE1}.Release|Any CPU.Build.0 = Release|Any CPU
		{3E7AB19E-CBD9-4C06-90F3-DFCEE2950D3A}.Debug|Any CPU.ActiveCfg = Debug|Any CPU
		{3E7AB19E-CBD9-4C06-90F3-DFCEE2950D3A}.Debug|Any CPU.Build.0 = Debug|Any CPU
		{3E7AB19E-CBD9-4C06-90F3-DFCEE2950D3A}.Release|Any CPU.ActiveCfg = Release|Any CPU
		{3E7AB19E-CBD9-4C06-90F3-DFCEE2950D3A}.Release|Any CPU.Build.0 = Release|Any CPU
		{29CAEA80-09C4-4580-B74C-4EB98CBDC984}.Debug|Any CPU.ActiveCfg = Debug|Any CPU
		{29CAEA80-09C4-4580-B74C-4EB98CBDC984}.Debug|Any CPU.Build.0 = Debug|Any CPU
		{29CAEA80-09C4-4580-B74C-4EB98CBDC984}.Release|Any CPU.ActiveCfg = Release|Any CPU
		{29CAEA80-09C4-4580-B74C-4EB98CBDC984}.Release|Any CPU.Build.0 = Release|Any CPU
		{FFC54399-D1C2-459F-BFA6-69AA3093A22F}.Debug|Any CPU.ActiveCfg = Debug|Any CPU
		{FFC54399-D1C2-459F-BFA6-69AA3093A22F}.Debug|Any CPU.Build.0 = Debug|Any CPU
		{FFC54399-D1C2-459F-BFA6-69AA3093A22F}.Release|Any CPU.ActiveCfg = Release|Any CPU
		{FFC54399-D1C2-459F-BFA6-69AA3093A22F}.Release|Any CPU.Build.0 = Release|Any CPU
		{425C700F-61A4-4A0B-A939-6EB7455C547F}.Debug|Any CPU.ActiveCfg = Debug|Any CPU
		{425C700F-61A4-4A0B-A939-6EB7455C547F}.Debug|Any CPU.Build.0 = Debug|Any CPU
		{425C700F-61A4-4A0B-A939-6EB7455C547F}.Release|Any CPU.ActiveCfg = Release|Any CPU
		{425C700F-61A4-4A0B-A939-6EB7455C547F}.Release|Any CPU.Build.0 = Release|Any CPU
		{268519E6-323B-410B-A395-604486C0B7B2}.Debug|Any CPU.ActiveCfg = Debug|Any CPU
		{268519E6-323B-410B-A395-604486C0B7B2}.Debug|Any CPU.Build.0 = Debug|Any CPU
		{268519E6-323B-410B-A395-604486C0B7B2}.Release|Any CPU.ActiveCfg = Release|Any CPU
		{268519E6-323B-410B-A395-604486C0B7B2}.Release|Any CPU.Build.0 = Release|Any CPU
		{5F56F9B1-085B-405A-9436-534180002800}.Debug|Any CPU.ActiveCfg = Debug|Any CPU
		{5F56F9B1-085B-405A-9436-534180002800}.Debug|Any CPU.Build.0 = Debug|Any CPU
		{5F56F9B1-085B-405A-9436-534180002800}.Release|Any CPU.ActiveCfg = Release|Any CPU
		{5F56F9B1-085B-405A-9436-534180002800}.Release|Any CPU.Build.0 = Release|Any CPU
		{01C281DB-AC9B-44BA-91C7-5D565E21543C}.Debug|Any CPU.ActiveCfg = Debug|Any CPU
		{01C281DB-AC9B-44BA-91C7-5D565E21543C}.Debug|Any CPU.Build.0 = Debug|Any CPU
		{01C281DB-AC9B-44BA-91C7-5D565E21543C}.Release|Any CPU.ActiveCfg = Release|Any CPU
		{01C281DB-AC9B-44BA-91C7-5D565E21543C}.Release|Any CPU.Build.0 = Release|Any CPU
		{8CCDF07B-AD1A-4D5D-8406-6478BB307FD9}.Debug|Any CPU.ActiveCfg = Debug|Any CPU
		{8CCDF07B-AD1A-4D5D-8406-6478BB307FD9}.Debug|Any CPU.Build.0 = Debug|Any CPU
		{8CCDF07B-AD1A-4D5D-8406-6478BB307FD9}.Release|Any CPU.ActiveCfg = Release|Any CPU
		{8CCDF07B-AD1A-4D5D-8406-6478BB307FD9}.Release|Any CPU.Build.0 = Release|Any CPU
		{E6770FB0-3D93-40DA-B526-934C45BF8A51}.Debug|Any CPU.ActiveCfg = Debug|Any CPU
		{E6770FB0-3D93-40DA-B526-934C45BF8A51}.Debug|Any CPU.Build.0 = Debug|Any CPU
		{E6770FB0-3D93-40DA-B526-934C45BF8A51}.Release|Any CPU.ActiveCfg = Release|Any CPU
		{E6770FB0-3D93-40DA-B526-934C45BF8A51}.Release|Any CPU.Build.0 = Release|Any CPU
		{EA1F427D-7EF8-4D82-8980-E5570D86E202}.Debug|Any CPU.ActiveCfg = Debug|Any CPU
		{EA1F427D-7EF8-4D82-8980-E5570D86E202}.Debug|Any CPU.Build.0 = Debug|Any CPU
		{EA1F427D-7EF8-4D82-8980-E5570D86E202}.Release|Any CPU.ActiveCfg = Release|Any CPU
		{EA1F427D-7EF8-4D82-8980-E5570D86E202}.Release|Any CPU.Build.0 = Release|Any CPU
		{065EDFDB-9554-4024-B41C-1D306F1FCB57}.Debug|Any CPU.ActiveCfg = Debug|Any CPU
		{065EDFDB-9554-4024-B41C-1D306F1FCB57}.Debug|Any CPU.Build.0 = Debug|Any CPU
		{065EDFDB-9554-4024-B41C-1D306F1FCB57}.Release|Any CPU.ActiveCfg = Release|Any CPU
		{065EDFDB-9554-4024-B41C-1D306F1FCB57}.Release|Any CPU.Build.0 = Release|Any CPU
		{FB7D2FF9-4DBA-45DA-9AE8-08B7E16BEC18}.Debug|Any CPU.ActiveCfg = Debug|Any CPU
		{FB7D2FF9-4DBA-45DA-9AE8-08B7E16BEC18}.Debug|Any CPU.Build.0 = Debug|Any CPU
		{FB7D2FF9-4DBA-45DA-9AE8-08B7E16BEC18}.Release|Any CPU.ActiveCfg = Release|Any CPU
		{FB7D2FF9-4DBA-45DA-9AE8-08B7E16BEC18}.Release|Any CPU.Build.0 = Release|Any CPU
	EndGlobalSection
	GlobalSection(SolutionProperties) = preSolution
		HideSolutionNode = FALSE
	EndGlobalSection
	GlobalSection(ExtensibilityGlobals) = postSolution
		SolutionGuid = {232CA9EC-85B7-41AB-9031-14E1757AD1BA}
	EndGlobalSection
EndGlobal
