
Microsoft Visual Studio Solution File, Format Version 12.00
# Visual Studio Version 17
VisualStudioVersion = 17.14.37203.1
MinimumVisualStudioVersion = 10.0.40219.1
Project("{FAE04EC0-301F-11D3-BF4B-00C04F79EFBC}") = "Lab29_Task1", "Lab29_Task1\Lab29_Task1.csproj", "{DA42FADE-32BC-484D-8D55-C36BA9E35F6F}"
EndProject
Project("{FAE04EC0-301F-11D3-BF4B-00C04F79EFBC}") = "Lab29_Task2", "Lab29_Task2\Lab29_Task2.csproj", "{C28F25D0-BA92-481B-BFFE-731C71FDF6A2}"
EndProject
Project("{FAE04EC0-301F-11D3-BF4B-00C04F79EFBC}") = "Lab29_Task3", "Lab29_Task3\Lab29_Task3.csproj", "{5E9DFAC8-9A29-4490-A26A-6EF8D9363B6E}"
EndProject
Project("{FAE04EC0-301F-11D3-BF4B-00C04F79EFBC}") = "Lab29_Task4", "Lab29_Task4\Lab29_Task4.csproj", "{96B68176-6BE3-4693-9B91-8DEBD0CB5F79}"
EndProject
Project("{FAE04EC0-301F-11D3-BF4B-00C04F79EFBC}") = "Lab29_Task5", "Lab29_Task5\Lab29_Task5.csproj", "{C720B962-09F0-4AA9-A90D-E38149E9421B}"
EndProject

Global
	GlobalSection(SolutionConfigurationPlatforms) = preSolution
		Debug|Any CPU = Debug|Any CPU
		Release|Any CPU = Release|Any CPU
	EndGlobalSection
	GlobalSection(ProjectConfigurationPlatforms) = postSolution
		{DA42FADE-32BC-484D-8D55-C36BA9E35F6F}.Debug|Any CPU.ActiveCfg = Debug|Any CPU
		{DA42FADE-32BC-484D-8D55-C36BA9E35F6F}.Debug|Any CPU.Build.0 = Debug|Any CPU
		{DA42FADE-32BC-484D-8D55-C36BA9E35F6F}.Release|Any CPU.ActiveCfg = Release|Any CPU
		{DA42FADE-32BC-484D-8D55-C36BA9E35F6F}.Release|Any CPU.Build.0 = Release|Any CPU
		{C28F25D0-BA92-481B-BFFE-731C71FDF6A2}.Debug|Any CPU.ActiveCfg = Debug|Any CPU
		{C28F25D0-BA92-481B-BFFE-731C71FDF6A2}.Debug|Any CPU.Build.0 = Debug|Any CPU
		{C28F25D0-BA92-481B-BFFE-731C71FDF6A2}.Release|Any CPU.ActiveCfg = Release|Any CPU
		{C28F25D0-BA92-481B-BFFE-731C71FDF6A2}.Release|Any CPU.Build.0 = Release|Any CPU
		{273F1750-A712-44E1-89F1-B14E3FF87C3A}.Debug|Any CPU.ActiveCfg = Debug|Any CPU
		{273F1750-A712-44E1-89F1-B14E3FF87C3A}.Debug|Any CPU.Build.0 = Debug|Any CPU
		{273F1750-A712-44E1-89F1-B14E3FF87C3A}.Release|Any CPU.ActiveCfg = Release|Any CPU
		{273F1750-A712-44E1-89F1-B14E3FF87C3A}.Release|Any CPU.Build.0 = Release|Any CPU
		{96B68176-6BE3-4693-9B91-8DEBD0CB5F79}.Debug|Any CPU.ActiveCfg = Debug|Any CPU
		{96B68176-6BE3-4693-9B91-8DEBD0CB5F79}.Debug|Any CPU.Build.0 = Debug|Any CPU
		{96B68176-6BE3-4693-9B91-8DEBD0CB5F79}.Release|Any CPU.ActiveCfg = Release|Any CPU
		{96B68176-6BE3-4693-9B91-8DEBD0CB5F79}.Release|Any CPU.Build.0 = Release|Any CPU
		{C720B962-09F0-4AA9-A90D-E38149E9421B}.Debug|Any CPU.ActiveCfg = Debug|Any CPU
		{C720B962-09F0-4AA9-A90D-E38149E9421B}.Debug|Any CPU.Build.0 = Debug|Any CPU
		{C720B962-09F0-4AA9-A90D-E38149E9421B}.Release|Any CPU.ActiveCfg = Release|Any CPU
		{C720B962-09F0-4AA9-A90D-E38149E9421B}.Release|Any CPU.Build.0 = Release|Any CPU
		{5E9DFAC8-9A29-4490-A26A-6EF8D9363B6E}.Debug|Any CPU.ActiveCfg = Debug|Any CPU
		{5E9DFAC8-9A29-4490-A26A-6EF8D9363B6E}.Debug|Any CPU.Build.0 = Debug|Any CPU
		{5E9DFAC8-9A29-4490-A26A-6EF8D9363B6E}.Release|Any CPU.ActiveCfg = Release|Any CPU
		{5E9DFAC8-9A29-4490-A26A-6EF8D9363B6E}.Release|Any CPU.Build.0 = Release|Any CPU
	EndGlobalSection
	GlobalSection(SolutionProperties) = preSolution
		HideSolutionNode = FALSE
	EndGlobalSection
	GlobalSection(ExtensibilityGlobals) = postSolution
		SolutionGuid = {F5568767-9507-4329-9EDE-748E6BB37108}
	EndGlobalSection
EndGlobal
