
Microsoft Visual Studio Solution File, Format Version 12.00
# Visual Studio Version 17
VisualStudioVersion = 17.14.37203.1
MinimumVisualStudioVersion = 10.0.40219.1
Project("{FAE04EC0-301F-11D3-BF4B-00C04F79EFBC}") = "Lab26_Task1", "Lab26_Task1\Lab26_Task1.csproj", "{5114B9AF-DD2F-4083-A9B7-4141CDD853F8}"
EndProject
Project("{FAE04EC0-301F-11D3-BF4B-00C04F79EFBC}") = "Lab26_Task2", "Lab26_Task2\Lab26_Task2.csproj", "{C602B955-CE9C-4666-9C4E-639D33E10859}"
EndProject
Project("{FAE04EC0-301F-11D3-BF4B-00C04F79EFBC}") = "Lab26_Task4", "Lab26_Task4\Lab26_Task4.csproj", "{F3ECE4C6-6C84-44F7-9F8A-AA3475DB781D}"
EndProject
Project("{FAE04EC0-301F-11D3-BF4B-00C04F79EFBC}") = "Lab26_Task3", "Lab26_Task3\Lab26_Task3.csproj", "{A15F96D7-102E-4607-80EB-A39CC3059E4F}"
EndProject
Global
	GlobalSection(SolutionConfigurationPlatforms) = preSolution
		Debug|Any CPU = Debug|Any CPU
		Release|Any CPU = Release|Any CPU
	EndGlobalSection
	GlobalSection(ProjectConfigurationPlatforms) = postSolution
		{5114B9AF-DD2F-4083-A9B7-4141CDD853F8}.Debug|Any CPU.ActiveCfg = Debug|Any CPU
		{5114B9AF-DD2F-4083-A9B7-4141CDD853F8}.Debug|Any CPU.Build.0 = Debug|Any CPU
		{5114B9AF-DD2F-4083-A9B7-4141CDD853F8}.Release|Any CPU.ActiveCfg = Release|Any CPU
		{5114B9AF-DD2F-4083-A9B7-4141CDD853F8}.Release|Any CPU.Build.0 = Release|Any CPU
		{C602B955-CE9C-4666-9C4E-639D33E10859}.Debug|Any CPU.ActiveCfg = Debug|Any CPU
		{C602B955-CE9C-4666-9C4E-639D33E10859}.Debug|Any CPU.Build.0 = Debug|Any CPU
		{C602B955-CE9C-4666-9C4E-639D33E10859}.Release|Any CPU.ActiveCfg = Release|Any CPU
		{C602B955-CE9C-4666-9C4E-639D33E10859}.Release|Any CPU.Build.0 = Release|Any CPU
		{F3ECE4C6-6C84-44F7-9F8A-AA3475DB781D}.Debug|Any CPU.ActiveCfg = Debug|Any CPU
		{F3ECE4C6-6C84-44F7-9F8A-AA3475DB781D}.Debug|Any CPU.Build.0 = Debug|Any CPU
		{F3ECE4C6-6C84-44F7-9F8A-AA3475DB781D}.Release|Any CPU.ActiveCfg = Release|Any CPU
		{F3ECE4C6-6C84-44F7-9F8A-AA3475DB781D}.Release|Any CPU.Build.0 = Release|Any CPU
		{A15F96D7-102E-4607-80EB-A39CC3059E4F}.Debug|Any CPU.ActiveCfg = Debug|Any CPU
		{A15F96D7-102E-4607-80EB-A39CC3059E4F}.Debug|Any CPU.Build.0 = Debug|Any CPU
		{A15F96D7-102E-4607-80EB-A39CC3059E4F}.Release|Any CPU.ActiveCfg = Release|Any CPU
		{A15F96D7-102E-4607-80EB-A39CC3059E4F}.Release|Any CPU.Build.0 = Release|Any CPU
	EndGlobalSection
	GlobalSection(SolutionProperties) = preSolution
		HideSolutionNode = FALSE
	EndGlobalSection
	GlobalSection(ExtensibilityGlobals) = postSolution
		SolutionGuid = {AA418D40-D170-41D9-B3EF-C5099DBD2E29}
	EndGlobalSection
EndGlobal
