
Microsoft Visual Studio Solution File, Format Version 12.00
# Visual Studio Version 17
VisualStudioVersion = 17.14.37203.1 d17.14
MinimumVisualStudioVersion = 10.0.40219.1
Project("{FAE04EC0-301F-11D3-BF4B-00C04F79EFBC}") = "Lab22_Task1", "Lab22_Task1\Lab22_Task1.csproj", "{62BB9F56-42D9-49CA-AFFD-759FACB3ED5E}"
EndProject
Project("{FAE04EC0-301F-11D3-BF4B-00C04F79EFBC}") = "Lab22_Task2", "Lab22_Task2\Lab22_Task2.csproj", "{1A48643C-2A36-4197-A523-0056A4E162B9}"
EndProject
Project("{FAE04EC0-301F-11D3-BF4B-00C04F79EFBC}") = "Lab22_Task3", "Lab22_Task3\Lab22_Task3.csproj", "{C6C71F53-7A12-47A1-B798-C51063F77566}"
EndProject
Project("{FAE04EC0-301F-11D3-BF4B-00C04F79EFBC}") = "Lab22_Task4", "Lab22_Task4\Lab22_Task4.csproj", "{5F3CFB96-7B51-4210-92FD-3E8F907FF42F}"
EndProject
Project("{FAE04EC0-301F-11D3-BF4B-00C04F79EFBC}") = "Lab22_Task5", "Lab22_Task5\Lab22_Task5.csproj", "{72FC739B-9395-4A14-A748-DF0C068F6A84}"
EndProject
Project("{FAE04EC0-301F-11D3-BF4B-00C04F79EFBC}") = "Lab22_Task6", "Lab22_Task6\Lab22_Task6.csproj", "{E12C710A-CD83-4AE3-8E9D-FC66CC00185A}"
EndProject
Global
	GlobalSection(SolutionConfigurationPlatforms) = preSolution
		Debug|Any CPU = Debug|Any CPU
		Release|Any CPU = Release|Any CPU
	EndGlobalSection
	GlobalSection(ProjectConfigurationPlatforms) = postSolution
		{62BB9F56-42D9-49CA-AFFD-759FACB3ED5E}.Debug|Any CPU.ActiveCfg = Debug|Any CPU
		{62BB9F56-42D9-49CA-AFFD-759FACB3ED5E}.Debug|Any CPU.Build.0 = Debug|Any CPU
		{62BB9F56-42D9-49CA-AFFD-759FACB3ED5E}.Release|Any CPU.ActiveCfg = Release|Any CPU
		{62BB9F56-42D9-49CA-AFFD-759FACB3ED5E}.Release|Any CPU.Build.0 = Release|Any CPU
		{1A48643C-2A36-4197-A523-0056A4E162B9}.Debug|Any CPU.ActiveCfg = Debug|Any CPU
		{1A48643C-2A36-4197-A523-0056A4E162B9}.Debug|Any CPU.Build.0 = Debug|Any CPU
		{1A48643C-2A36-4197-A523-0056A4E162B9}.Release|Any CPU.ActiveCfg = Release|Any CPU
		{1A48643C-2A36-4197-A523-0056A4E162B9}.Release|Any CPU.Build.0 = Release|Any CPU
		{C6C71F53-7A12-47A1-B798-C51063F77566}.Debug|Any CPU.ActiveCfg = Debug|Any CPU
		{C6C71F53-7A12-47A1-B798-C51063F77566}.Debug|Any CPU.Build.0 = Debug|Any CPU
		{C6C71F53-7A12-47A1-B798-C51063F77566}.Release|Any CPU.ActiveCfg = Release|Any CPU
		{C6C71F53-7A12-47A1-B798-C51063F77566}.Release|Any CPU.Build.0 = Release|Any CPU
		{5F3CFB96-7B51-4210-92FD-3E8F907FF42F}.Debug|Any CPU.ActiveCfg = Debug|Any CPU
		{5F3CFB96-7B51-4210-92FD-3E8F907FF42F}.Debug|Any CPU.Build.0 = Debug|Any CPU
		{5F3CFB96-7B51-4210-92FD-3E8F907FF42F}.Release|Any CPU.ActiveCfg = Release|Any CPU
		{5F3CFB96-7B51-4210-92FD-3E8F907FF42F}.Release|Any CPU.Build.0 = Release|Any CPU
		{72FC739B-9395-4A14-A748-DF0C068F6A84}.Debug|Any CPU.ActiveCfg = Debug|Any CPU
		{72FC739B-9395-4A14-A748-DF0C068F6A84}.Debug|Any CPU.Build.0 = Debug|Any CPU
		{72FC739B-9395-4A14-A748-DF0C068F6A84}.Release|Any CPU.ActiveCfg = Release|Any CPU
		{72FC739B-9395-4A14-A748-DF0C068F6A84}.Release|Any CPU.Build.0 = Release|Any CPU
		{E12C710A-CD83-4AE3-8E9D-FC66CC00185A}.Debug|Any CPU.ActiveCfg = Debug|Any CPU
		{E12C710A-CD83-4AE3-8E9D-FC66CC00185A}.Debug|Any CPU.Build.0 = Debug|Any CPU
		{E12C710A-CD83-4AE3-8E9D-FC66CC00185A}.Release|Any CPU.ActiveCfg = Release|Any CPU
		{E12C710A-CD83-4AE3-8E9D-FC66CC00185A}.Release|Any CPU.Build.0 = Release|Any CPU
	EndGlobalSection
	GlobalSection(SolutionProperties) = preSolution
		HideSolutionNode = FALSE
	EndGlobalSection
	GlobalSection(ExtensibilityGlobals) = postSolution
		SolutionGuid = {B5F28E6C-B095-43DF-92EC-C224A0C6F952}
	EndGlobalSection
EndGlobal
