
Microsoft Visual Studio Solution File, Format Version 12.00
# Visual Studio Version 17
VisualStudioVersion = 17.14.36429.23 d17.14
MinimumVisualStudioVersion = 10.0.40219.1
Project("{FAE04EC0-301F-11D3-BF4B-00C04F79EFBC}") = "Lab2-4_Task17", "Lab2-4_Task17.csproj", "{7AAD2586-EC1B-C6CB-9342-C053DAAE640B}"
EndProject
Global
	GlobalSection(SolutionConfigurationPlatforms) = preSolution
		Debug|Any CPU = Debug|Any CPU
		Release|Any CPU = Release|Any CPU
	EndGlobalSection
	GlobalSection(ProjectConfigurationPlatforms) = postSolution
		{7AAD2586-EC1B-C6CB-9342-C053DAAE640B}.Debug|Any CPU.ActiveCfg = Debug|Any CPU
		{7AAD2586-EC1B-C6CB-9342-C053DAAE640B}.Debug|Any CPU.Build.0 = Debug|Any CPU
		{7AAD2586-EC1B-C6CB-9342-C053DAAE640B}.Release|Any CPU.ActiveCfg = Release|Any CPU
		{7AAD2586-EC1B-C6CB-9342-C053DAAE640B}.Release|Any CPU.Build.0 = Release|Any CPU
	EndGlobalSection
	GlobalSection(SolutionProperties) = preSolution
		HideSolutionNode = FALSE
	EndGlobalSection
	GlobalSection(ExtensibilityGlobals) = postSolution
		SolutionGuid = {C2AAB43A-63F3-4B73-906E-2FC11C0CB1ED}
	EndGlobalSection
EndGlobal
