
Microsoft Visual Studio Solution File, Format Version 12.00
# Visual Studio Version 17
VisualStudioVersion = 17.14.36429.23 d17.14
MinimumVisualStudioVersion = 10.0.40219.1
Project("{FAE04EC0-301F-11D3-BF4B-00C04F79EFBC}") = "Lab2-4_Task13", "Lab2-4_Task13.csproj", "{4A7B2DA9-E4C4-30B9-84EC-97A0B4C33F34}"
EndProject
Global
	GlobalSection(SolutionConfigurationPlatforms) = preSolution
		Debug|Any CPU = Debug|Any CPU
		Release|Any CPU = Release|Any CPU
	EndGlobalSection
	GlobalSection(ProjectConfigurationPlatforms) = postSolution
		{4A7B2DA9-E4C4-30B9-84EC-97A0B4C33F34}.Debug|Any CPU.ActiveCfg = Debug|Any CPU
		{4A7B2DA9-E4C4-30B9-84EC-97A0B4C33F34}.Debug|Any CPU.Build.0 = Debug|Any CPU
		{4A7B2DA9-E4C4-30B9-84EC-97A0B4C33F34}.Release|Any CPU.ActiveCfg = Release|Any CPU
		{4A7B2DA9-E4C4-30B9-84EC-97A0B4C33F34}.Release|Any CPU.Build.0 = Release|Any CPU
	EndGlobalSection
	GlobalSection(SolutionProperties) = preSolution
		HideSolutionNode = FALSE
	EndGlobalSection
	GlobalSection(ExtensibilityGlobals) = postSolution
		SolutionGuid = {A1015A7C-C4A9-4495-8770-3D2D7986CA20}
	EndGlobalSection
EndGlobal
