
Microsoft Visual Studio Solution File, Format Version 12.00
# Visual Studio Version 17
VisualStudioVersion = 17.14.37203.1 d17.14
MinimumVisualStudioVersion = 10.0.40219.1
Project("{FAE04EC0-301F-11D3-BF4B-00C04F79EFBC}") = "Lab1_Task2", "Lab1_Task2\Lab1_Task2.csproj", "{5B4871FD-4766-4058-BFF4-5649DEB69BFC}"
EndProject
Project("{FAE04EC0-301F-11D3-BF4B-00C04F79EFBC}") = "Lab1_Task3", "Lab1_Task3\Lab1_Task3.csproj", "{949AD19F-82C7-437F-9FF7-77A33E5ED36E}"
EndProject
Project("{FAE04EC0-301F-11D3-BF4B-00C04F79EFBC}") = "Lab1_Task4", "Lab1_Task4\Lab1_Task4.csproj", "{E3911120-DBDE-4757-84D7-97892D8AF520}"
EndProject
Project("{FAE04EC0-301F-11D3-BF4B-00C04F79EFBC}") = "Lab1_Task5", "Lab1_Task5\Lab1_Task5.csproj", "{9FD5D5D2-64FA-4A1F-9803-82BEEAADC9B0}"
EndProject
Project("{FAE04EC0-301F-11D3-BF4B-00C04F79EFBC}") = "Lab1_Task6", "Lab1_Task6\Lab1_Task6.csproj", "{85AD07D2-EDA5-4D50-9F83-312EA31FD856}"
EndProject
Project("{FAE04EC0-301F-11D3-BF4B-00C04F79EFBC}") = "Lab1_Task7", "Lab1_Task7\Lab1_Task7.csproj", "{BE266E6C-AA19-47B7-8857-61C23962D42B}"
EndProject
Project("{FAE04EC0-301F-11D3-BF4B-00C04F79EFBC}") = "Lab1_Task8", "Lab1_Task8\Lab1_Task8.csproj", "{3BC60004-E48B-490E-88C7-066046AB4354}"
EndProject
Project("{FAE04EC0-301F-11D3-BF4B-00C04F79EFBC}") = "Lab1_Task9", "Lab1_Task9\Lab1_Task9.csproj", "{13A40010-1FFD-4E33-9E0F-25F50BA9B2D2}"
EndProject
Global
	GlobalSection(SolutionConfigurationPlatforms) = preSolution
		Debug|Any CPU = Debug|Any CPU
		Release|Any CPU = Release|Any CPU
	EndGlobalSection
	GlobalSection(ProjectConfigurationPlatforms) = postSolution
		{5B4871FD-4766-4058-BFF4-5649DEB69BFC}.Debug|Any CPU.ActiveCfg = Debug|Any CPU
		{5B4871FD-4766-4058-BFF4-5649DEB69BFC}.Debug|Any CPU.Build.0 = Debug|Any CPU
		{5B4871FD-4766-4058-BFF4-5649DEB69BFC}.Release|Any CPU.ActiveCfg = Release|Any CPU
		{5B4871FD-4766-4058-BFF4-5649DEB69BFC}.Release|Any CPU.Build.0 = Release|Any CPU
		{949AD19F-82C7-437F-9FF7-77A33E5ED36E}.Debug|Any CPU.ActiveCfg = Debug|Any CPU
		{949AD19F-82C7-437F-9FF7-77A33E5ED36E}.Debug|Any CPU.Build.0 = Debug|Any CPU
		{949AD19F-82C7-437F-9FF7-77A33E5ED36E}.Release|Any CPU.ActiveCfg = Release|Any CPU
		{949AD19F-82C7-437F-9FF7-77A33E5ED36E}.Release|Any CPU.Build.0 = Release|Any CPU
		{E3911120-DBDE-4757-84D7-97892D8AF520}.Debug|Any CPU.ActiveCfg = Debug|Any CPU
		{E3911120-DBDE-4757-84D7-97892D8AF520}.Debug|Any CPU.Build.0 = Debug|Any CPU
		{E3911120-DBDE-4757-84D7-97892D8AF520}.Release|Any CPU.ActiveCfg = Release|Any CPU
		{E3911120-DBDE-4757-84D7-97892D8AF520}.Release|Any CPU.Build.0 = Release|Any CPU
		{9FD5D5D2-64FA-4A1F-9803-82BEEAADC9B0}.Debug|Any CPU.ActiveCfg = Debug|Any CPU
		{9FD5D5D2-64FA-4A1F-9803-82BEEAADC9B0}.Debug|Any CPU.Build.0 = Debug|Any CPU
		{9FD5D5D2-64FA-4A1F-9803-82BEEAADC9B0}.Release|Any CPU.ActiveCfg = Release|Any CPU
		{9FD5D5D2-64FA-4A1F-9803-82BEEAADC9B0}.Release|Any CPU.Build.0 = Release|Any CPU
		{85AD07D2-EDA5-4D50-9F83-312EA31FD856}.Debug|Any CPU.ActiveCfg = Debug|Any CPU
		{85AD07D2-EDA5-4D50-9F83-312EA31FD856}.Debug|Any CPU.Build.0 = Debug|Any CPU
		{85AD07D2-EDA5-4D50-9F83-312EA31FD856}.Release|Any CPU.ActiveCfg = Release|Any CPU
		{85AD07D2-EDA5-4D50-9F83-312EA31FD856}.Release|Any CPU.Build.0 = Release|Any CPU
		{BE266E6C-AA19-47B7-8857-61C23962D42B}.Debug|Any CPU.ActiveCfg = Debug|Any CPU
		{BE266E6C-AA19-47B7-8857-61C23962D42B}.Debug|Any CPU.Build.0 = Debug|Any CPU
		{BE266E6C-AA19-47B7-8857-61C23962D42B}.Release|Any CPU.ActiveCfg = Release|Any CPU
		{BE266E6C-AA19-47B7-8857-61C23962D42B}.Release|Any CPU.Build.0 = Release|Any CPU
		{3BC60004-E48B-490E-88C7-066046AB4354}.Debug|Any CPU.ActiveCfg = Debug|Any CPU
		{3BC60004-E48B-490E-88C7-066046AB4354}.Debug|Any CPU.Build.0 = Debug|Any CPU
		{3BC60004-E48B-490E-88C7-066046AB4354}.Release|Any CPU.ActiveCfg = Release|Any CPU
		{3BC60004-E48B-490E-88C7-066046AB4354}.Release|Any CPU.Build.0 = Release|Any CPU
		{13A40010-1FFD-4E33-9E0F-25F50BA9B2D2}.Debug|Any CPU.ActiveCfg = Debug|Any CPU
		{13A40010-1FFD-4E33-9E0F-25F50BA9B2D2}.Debug|Any CPU.Build.0 = Debug|Any CPU
		{13A40010-1FFD-4E33-9E0F-25F50BA9B2D2}.Release|Any CPU.ActiveCfg = Release|Any CPU
		{13A40010-1FFD-4E33-9E0F-25F50BA9B2D2}.Release|Any CPU.Build.0 = Release|Any CPU
	EndGlobalSection
	GlobalSection(SolutionProperties) = preSolution
		HideSolutionNode = FALSE
	EndGlobalSection
	GlobalSection(ExtensibilityGlobals) = postSolution
		SolutionGuid = {A288BB6F-1E36-486B-8316-255D375482FF}
	EndGlobalSection
EndGlobal
