
Microsoft Visual Studio Solution File, Format Version 12.00
# Visual Studio Version 17
VisualStudioVersion = 17.14.37203.1 d17.14
MinimumVisualStudioVersion = 10.0.40219.1
Project("{FAE04EC0-301F-11D3-BF4B-00C04F79EFBC}") = "MK6", "MK6.csproj", "{674D66DD-8D12-465F-AF27-6B410D659416}"
EndProject
Global
	GlobalSection(SolutionConfigurationPlatforms) = preSolution
		Debug|Any CPU = Debug|Any CPU
		Release|Any CPU = Release|Any CPU
	EndGlobalSection
	GlobalSection(ProjectConfigurationPlatforms) = postSolution
		{674D66DD-8D12-465F-AF27-6B410D659416}.Debug|Any CPU.ActiveCfg = Debug|Any CPU
		{674D66DD-8D12-465F-AF27-6B410D659416}.Debug|Any CPU.Build.0 = Debug|Any CPU
		{674D66DD-8D12-465F-AF27-6B410D659416}.Release|Any CPU.ActiveCfg = Release|Any CPU
		{674D66DD-8D12-465F-AF27-6B410D659416}.Release|Any CPU.Build.0 = Release|Any CPU
	EndGlobalSection
	GlobalSection(SolutionProperties) = preSolution
		HideSolutionNode = FALSE
	EndGlobalSection
	GlobalSection(ExtensibilityGlobals) = postSolution
		SolutionGuid = {3892B1E7-B79B-4538-A3AB-150C41ADF2FF}
	EndGlobalSection
EndGlobal
