
Microsoft Visual Studio Solution File, Format Version 12.00
# Visual Studio Version 17
VisualStudioVersion = 17.14.37203.1 d17.14
MinimumVisualStudioVersion = 10.0.40219.1
Project("{FAE04EC0-301F-11D3-BF4B-00C04F79EFBC}") = "Lab2-4_Task1", "Lab2-4_Task1\Lab2-4_Task1.csproj", "{BE64D5E2-F5A1-4DCB-A40A-1921458F852F}"
EndProject
Project("{FAE04EC0-301F-11D3-BF4B-00C04F79EFBC}") = "Lab2-4_Task2", "Lab2-4_Task2\Lab2-4_Task2.csproj", "{C1CD913F-024B-4CA1-9183-6FAF3616E1CA}"
EndProject
Project("{FAE04EC0-301F-11D3-BF4B-00C04F79EFBC}") = "Lab2-4_Task3", "Lab2-4_Task3\Lab2-4_Task3.csproj", "{4FA64DAA-2648-496B-B847-715893CD69C3}"
EndProject
Project("{FAE04EC0-301F-11D3-BF4B-00C04F79EFBC}") = "Lab2-4_Task4", "Lab2-4_Task4\Lab2-4_Task4.csproj", "{4798E4D1-C472-49F9-A780-D9AEC7FF1C4C}"
EndProject
Project("{FAE04EC0-301F-11D3-BF4B-00C04F79EFBC}") = "Lab2-4_Task5", "Lab2-4_Task5\Lab2-4_Task5.csproj", "{87A0DD98-2A2B-436A-A45F-D125E6A1340B}"
EndProject
Project("{FAE04EC0-301F-11D3-BF4B-00C04F79EFBC}") = "Lab2-4_Task6", "Lab2-4_Task6\Lab2-4_Task6.csproj", "{C41545C0-D663-4AF0-9C76-0689717AA38F}"
EndProject
Project("{FAE04EC0-301F-11D3-BF4B-00C04F79EFBC}") = "Lab2-4_Task7", "Lab2-4_Task7\Lab2-4_Task7.csproj", "{37BE2A2D-4639-432D-A901-426F0C2A91D2}"
EndProject
Project("{FAE04EC0-301F-11D3-BF4B-00C04F79EFBC}") = "Lab2-4_Task8", "Lab2-4_Task8\Lab2-4_Task8.csproj", "{441CF2F1-3635-4C5F-B6C5-D97FB9BD74AB}"
EndProject
Project("{FAE04EC0-301F-11D3-BF4B-00C04F79EFBC}") = "Lab2-4_Task9", "Lab2-4_Task9\Lab2-4_Task9.csproj", "{4F9DFF3A-A8E6-4ACF-9C82-EC559B1AF825}"
EndProject
Project("{FAE04EC0-301F-11D3-BF4B-00C04F79EFBC}") = "Lab2-4_Task10", "Lab2-4_Task10\Lab2-4_Task10.csproj", "{CAE8874D-7E49-466C-BF4C-9725EB6FD5D2}"
EndProject
Project("{FAE04EC0-301F-11D3-BF4B-00C04F79EFBC}") = "Lab2-4_Task11", "Lab2-4_Task11\Lab2-4_Task11.csproj", "{DB7851F8-B4C8-4F33-83D8-E7C66BCA17EB}"
EndProject
Project("{FAE04EC0-301F-11D3-BF4B-00C04F79EFBC}") = "Lab2-4_Task12", "Lab2-4_Task12\Lab2-4_Task12.csproj", "{84D34595-7AF8-4C0A-BF72-C962930854EC}"
EndProject
Project("{FAE04EC0-301F-11D3-BF4B-00C04F79EFBC}") = "Lab2-4_Task13", "Lab2-4_Task13\Lab2-4_Task13.csproj", "{88641B0F-6A4D-4027-86E3-FC12BCB68C6A}"
EndProject
Project("{FAE04EC0-301F-11D3-BF4B-00C04F79EFBC}") = "Lab2-4_Task14", "Lab2-4_Task14\Lab2-4_Task14.csproj", "{FBEC2BE5-FEC7-4846-8EB2-872EBF1DD451}"
EndProject
Project("{FAE04EC0-301F-11D3-BF4B-00C04F79EFBC}") = "Lab2-4_Task15", "Lab2-4_Task15\Lab2-4_Task15.csproj", "{C8216452-4B73-4307-82DB-25849C3BA346}"
EndProject
Project("{FAE04EC0-301F-11D3-BF4B-00C04F79EFBC}") = "Lab2-4_Task16", "Lab2-4_Task16\Lab2-4_Task16.csproj", "{BFC11952-813A-40E7-84F2-0B8C244FB7C9}"
EndProject
Project("{FAE04EC0-301F-11D3-BF4B-00C04F79EFBC}") = "Lab2-4_Task17", "Lab2-4_Task17\Lab2-4_Task17.csproj", "{B118C993-0A7E-485F-934F-53A5013368A4}"
EndProject
Project("{FAE04EC0-301F-11D3-BF4B-00C04F79EFBC}") = "Lab2-4_Task18", "Lab2-4_Task18\Lab2-4_Task18.csproj", "{CC9E822A-C201-4D90-8454-41C7AB787CD2}"
EndProject
Project("{FAE04EC0-301F-11D3-BF4B-00C04F79EFBC}") = "Lab2-4_Task19", "Lab2-4_Task19\Lab2-4_Task19.csproj", "{FF32F97B-CB0D-4496-8EFA-6064F4CC66BD}"
EndProject
Project("{FAE04EC0-301F-11D3-BF4B-00C04F79EFBC}") = "Lab2-4_Task20", "Lab2-4_Task20\Lab2-4_Task20.csproj", "{B6259CB9-B171-4F8D-81ED-1CE9B24D0F54}"
EndProject
Global
	GlobalSection(SolutionConfigurationPlatforms) = preSolution
		Debug|Any CPU = Debug|Any CPU
		Release|Any CPU = Release|Any CPU
	EndGlobalSection
	GlobalSection(ProjectConfigurationPlatforms) = postSolution
		{BE64D5E2-F5A1-4DCB-A40A-1921458F852F}.Debug|Any CPU.ActiveCfg = Debug|Any CPU
		{BE64D5E2-F5A1-4DCB-A40A-1921458F852F}.Debug|Any CPU.Build.0 = Debug|Any CPU
		{BE64D5E2-F5A1-4DCB-A40A-1921458F852F}.Release|Any CPU.ActiveCfg = Release|Any CPU
		{BE64D5E2-F5A1-4DCB-A40A-1921458F852F}.Release|Any CPU.Build.0 = Release|Any CPU
		{C1CD913F-024B-4CA1-9183-6FAF3616E1CA}.Debug|Any CPU.ActiveCfg = Debug|Any CPU
		{C1CD913F-024B-4CA1-9183-6FAF3616E1CA}.Debug|Any CPU.Build.0 = Debug|Any CPU
		{C1CD913F-024B-4CA1-9183-6FAF3616E1CA}.Release|Any CPU.ActiveCfg = Release|Any CPU
		{C1CD913F-024B-4CA1-9183-6FAF3616E1CA}.Release|Any CPU.Build.0 = Release|Any CPU
		{4FA64DAA-2648-496B-B847-715893CD69C3}.Debug|Any CPU.ActiveCfg = Debug|Any CPU
		{4FA64DAA-2648-496B-B847-715893CD69C3}.Debug|Any CPU.Build.0 = Debug|Any CPU
		{4FA64DAA-2648-496B-B847-715893CD69C3}.Release|Any CPU.ActiveCfg = Release|Any CPU
		{4FA64DAA-2648-496B-B847-715893CD69C3}.Release|Any CPU.Build.0 = Release|Any CPU
		{4798E4D1-C472-49F9-A780-D9AEC7FF1C4C}.Debug|Any CPU.ActiveCfg = Debug|Any CPU
		{4798E4D1-C472-49F9-A780-D9AEC7FF1C4C}.Debug|Any CPU.Build.0 = Debug|Any CPU
		{4798E4D1-C472-49F9-A780-D9AEC7FF1C4C}.Release|Any CPU.ActiveCfg = Release|Any CPU
		{4798E4D1-C472-49F9-A780-D9AEC7FF1C4C}.Release|Any CPU.Build.0 = Release|Any CPU
		{87A0DD98-2A2B-436A-A45F-D125E6A1340B}.Debug|Any CPU.ActiveCfg = Debug|Any CPU
		{87A0DD98-2A2B-436A-A45F-D125E6A1340B}.Debug|Any CPU.Build.0 = Debug|Any CPU
		{87A0DD98-2A2B-436A-A45F-D125E6A1340B}.Release|Any CPU.ActiveCfg = Release|Any CPU
		{87A0DD98-2A2B-436A-A45F-D125E6A1340B}.Release|Any CPU.Build.0 = Release|Any CPU
		{C41545C0-D663-4AF0-9C76-0689717AA38F}.Debug|Any CPU.ActiveCfg = Debug|Any CPU
		{C41545C0-D663-4AF0-9C76-0689717AA38F}.Debug|Any CPU.Build.0 = Debug|Any CPU
		{C41545C0-D663-4AF0-9C76-0689717AA38F}.Release|Any CPU.ActiveCfg = Release|Any CPU
		{C41545C0-D663-4AF0-9C76-0689717AA38F}.Release|Any CPU.Build.0 = Release|Any CPU
		{37BE2A2D-4639-432D-A901-426F0C2A91D2}.Debug|Any CPU.ActiveCfg = Debug|Any CPU
		{37BE2A2D-4639-432D-A901-426F0C2A91D2}.Debug|Any CPU.Build.0 = Debug|Any CPU
		{37BE2A2D-4639-432D-A901-426F0C2A91D2}.Release|Any CPU.ActiveCfg = Release|Any CPU
		{37BE2A2D-4639-432D-A901-426F0C2A91D2}.Release|Any CPU.Build.0 = Release|Any CPU
		{441CF2F1-3635-4C5F-B6C5-D97FB9BD74AB}.Debug|Any CPU.ActiveCfg = Debug|Any CPU
		{441CF2F1-3635-4C5F-B6C5-D97FB9BD74AB}.Debug|Any CPU.Build.0 = Debug|Any CPU
		{441CF2F1-3635-4C5F-B6C5-D97FB9BD74AB}.Release|Any CPU.ActiveCfg = Release|Any CPU
		{441CF2F1-3635-4C5F-B6C5-D97FB9BD74AB}.Release|Any CPU.Build.0 = Release|Any CPU
		{4F9DFF3A-A8E6-4ACF-9C82-EC559B1AF825}.Debug|Any CPU.ActiveCfg = Debug|Any CPU
		{4F9DFF3A-A8E6-4ACF-9C82-EC559B1AF825}.Debug|Any CPU.Build.0 = Debug|Any CPU
		{4F9DFF3A-A8E6-4ACF-9C82-EC559B1AF825}.Release|Any CPU.ActiveCfg = Release|Any CPU
		{4F9DFF3A-A8E6-4ACF-9C82-EC559B1AF825}.Release|Any CPU.Build.0 = Release|Any CPU
		{CAE8874D-7E49-466C-BF4C-9725EB6FD5D2}.Debug|Any CPU.ActiveCfg = Debug|Any CPU
		{CAE8874D-7E49-466C-BF4C-9725EB6FD5D2}.Debug|Any CPU.Build.0 = Debug|Any CPU
		{CAE8874D-7E49-466C-BF4C-9725EB6FD5D2}.Release|Any CPU.ActiveCfg = Release|Any CPU
		{CAE8874D-7E49-466C-BF4C-9725EB6FD5D2}.Release|Any CPU.Build.0 = Release|Any CPU
		{DB7851F8-B4C8-4F33-83D8-E7C66BCA17EB}.Debug|Any CPU.ActiveCfg = Debug|Any CPU
		{DB7851F8-B4C8-4F33-83D8-E7C66BCA17EB}.Debug|Any CPU.Build.0 = Debug|Any CPU
		{DB7851F8-B4C8-4F33-83D8-E7C66BCA17EB}.Release|Any CPU.ActiveCfg = Release|Any CPU
		{DB7851F8-B4C8-4F33-83D8-E7C66BCA17EB}.Release|Any CPU.Build.0 = Release|Any CPU
		{84D34595-7AF8-4C0A-BF72-C962930854EC}.Debug|Any CPU.ActiveCfg = Debug|Any CPU
		{84D34595-7AF8-4C0A-BF72-C962930854EC}.Debug|Any CPU.Build.0 = Debug|Any CPU
		{84D34595-7AF8-4C0A-BF72-C962930854EC}.Release|Any CPU.ActiveCfg = Release|Any CPU
		{84D34595-7AF8-4C0A-BF72-C962930854EC}.Release|Any CPU.Build.0 = Release|Any CPU
		{88641B0F-6A4D-4027-86E3-FC12BCB68C6A}.Debug|Any CPU.ActiveCfg = Debug|Any CPU
		{88641B0F-6A4D-4027-86E3-FC12BCB68C6A}.Debug|Any CPU.Build.0 = Debug|Any CPU
		{88641B0F-6A4D-4027-86E3-FC12BCB68C6A}.Release|Any CPU.ActiveCfg = Release|Any CPU
		{88641B0F-6A4D-4027-86E3-FC12BCB68C6A}.Release|Any CPU.Build.0 = Release|Any CPU
		{FBEC2BE5-FEC7-4846-8EB2-872EBF1DD451}.Debug|Any CPU.ActiveCfg = Debug|Any CPU
		{FBEC2BE5-FEC7-4846-8EB2-872EBF1DD451}.Debug|Any CPU.Build.0 = Debug|Any CPU
		{FBEC2BE5-FEC7-4846-8EB2-872EBF1DD451}.Release|Any CPU.ActiveCfg = Release|Any CPU
		{FBEC2BE5-FEC7-4846-8EB2-872EBF1DD451}.Release|Any CPU.Build.0 = Release|Any CPU
		{C8216452-4B73-4307-82DB-25849C3BA346}.Debug|Any CPU.ActiveCfg = Debug|Any CPU
		{C8216452-4B73-4307-82DB-25849C3BA346}.Debug|Any CPU.Build.0 = Debug|Any CPU
		{C8216452-4B73-4307-82DB-25849C3BA346}.Release|Any CPU.ActiveCfg = Release|Any CPU
		{C8216452-4B73-4307-82DB-25849C3BA346}.Release|Any CPU.Build.0 = Release|Any CPU
		{BFC11952-813A-40E7-84F2-0B8C244FB7C9}.Debug|Any CPU.ActiveCfg = Debug|Any CPU
		{BFC11952-813A-40E7-84F2-0B8C244FB7C9}.Debug|Any CPU.Build.0 = Debug|Any CPU
		{BFC11952-813A-40E7-84F2-0B8C244FB7C9}.Release|Any CPU.ActiveCfg = Release|Any CPU
		{BFC11952-813A-40E7-84F2-0B8C244FB7C9}.Release|Any CPU.Build.0 = Release|Any CPU
		{B118C993-0A7E-485F-934F-53A5013368A4}.Debug|Any CPU.ActiveCfg = Debug|Any CPU
		{B118C993-0A7E-485F-934F-53A5013368A4}.Debug|Any CPU.Build.0 = Debug|Any CPU
		{B118C993-0A7E-485F-934F-53A5013368A4}.Release|Any CPU.ActiveCfg = Release|Any CPU
		{B118C993-0A7E-485F-934F-53A5013368A4}.Release|Any CPU.Build.0 = Release|Any CPU
		{CC9E822A-C201-4D90-8454-41C7AB787CD2}.Debug|Any CPU.ActiveCfg = Debug|Any CPU
		{CC9E822A-C201-4D90-8454-41C7AB787CD2}.Debug|Any CPU.Build.0 = Debug|Any CPU
		{CC9E822A-C201-4D90-8454-41C7AB787CD2}.Release|Any CPU.ActiveCfg = Release|Any CPU
		{CC9E822A-C201-4D90-8454-41C7AB787CD2}.Release|Any CPU.Build.0 = Release|Any CPU
		{FF32F97B-CB0D-4496-8EFA-6064F4CC66BD}.Debug|Any CPU.ActiveCfg = Debug|Any CPU
		{FF32F97B-CB0D-4496-8EFA-6064F4CC66BD}.Debug|Any CPU.Build.0 = Debug|Any CPU
		{FF32F97B-CB0D-4496-8EFA-6064F4CC66BD}.Release|Any CPU.ActiveCfg = Release|Any CPU
		{FF32F97B-CB0D-4496-8EFA-6064F4CC66BD}.Release|Any CPU.Build.0 = Release|Any CPU
		{B6259CB9-B171-4F8D-81ED-1CE9B24D0F54}.Debug|Any CPU.ActiveCfg = Debug|Any CPU
		{B6259CB9-B171-4F8D-81ED-1CE9B24D0F54}.Debug|Any CPU.Build.0 = Debug|Any CPU
		{B6259CB9-B171-4F8D-81ED-1CE9B24D0F54}.Release|Any CPU.ActiveCfg = Release|Any CPU
		{B6259CB9-B171-4F8D-81ED-1CE9B24D0F54}.Release|Any CPU.Build.0 = Release|Any CPU
	EndGlobalSection
	GlobalSection(SolutionProperties) = preSolution
		HideSolutionNode = FALSE
	EndGlobalSection
	GlobalSection(ExtensibilityGlobals) = postSolution
		SolutionGuid = {CEDCF695-9FF5-4A26-8560-F1EE7F4E3E1F}
	EndGlobalSection
EndGlobal
