
Microsoft Visual Studio Solution File, Format Version 12.00
# Visual Studio Version 17
VisualStudioVersion = 17.14.36429.23
MinimumVisualStudioVersion = 10.0.40219.1
Project("{FAE04EC0-301F-11D3-BF4B-00C04F79EFBC}") = "Lab2-4", "Lab2-4.csproj", "{6E4A7007-E42F-4804-B709-4BCB0645982D}"
EndProject
Project("{FAE04EC0-301F-11D3-BF4B-00C04F79EFBC}") = "Lab2-4_Task1", "Lab2-4_Task1\Lab2-4_Task1.csproj", "{F6365F33-6889-477B-8A94-EE5CF76B3B3B}"
EndProject
Project("{FAE04EC0-301F-11D3-BF4B-00C04F79EFBC}") = "Lab2-4_Task3", "Lab2-4_Task3\Lab2-4_Task3.csproj", "{74B1C449-7304-4EBD-8DD0-0B9B13EC8D1A}"
EndProject
Project("{FAE04EC0-301F-11D3-BF4B-00C04F79EFBC}") = "Lab2-4_Task2", "Lab2-4_Task2\Lab2-4_Task2.csproj", "{013D030C-9F37-4FEE-AFCC-D36D53DEFFD7}"
EndProject
Project("{FAE04EC0-301F-11D3-BF4B-00C04F79EFBC}") = "Task9", "Task9\Task9.csproj", "{CF19D08B-0EE0-4FC5-90EE-4172FEC8CB8A}"
EndProject
Project("{FAE04EC0-301F-11D3-BF4B-00C04F79EFBC}") = "Lab2-4_Task4", "Lab2-4_Task4\Lab2-4_Task4.csproj", "{47CA2EF8-003A-4410-BAAB-FAAF1D05E6A3}"
EndProject
Project("{FAE04EC0-301F-11D3-BF4B-00C04F79EFBC}") = "Lab2-4_Task6", "Lab2-4_Task6\Lab2-4_Task6.csproj", "{B58FA78E-B85A-4A85-ACAF-6B11B481DB70}"
EndProject
Project("{FAE04EC0-301F-11D3-BF4B-00C04F79EFBC}") = "Lab2-4_Task5", "Lab2-4_Task5\Lab2-4_Task5.csproj", "{B590FE0E-3C7F-42EE-8D3F-6E8056E2F2E3}"
EndProject
Project("{FAE04EC0-301F-11D3-BF4B-00C04F79EFBC}") = "Lab2-4_Task7", "Lab2-4_Task7\Lab2-4_Task7.csproj", "{80965F97-787E-4E09-B831-C3F2C34719DB}"
EndProject
Project("{FAE04EC0-301F-11D3-BF4B-00C04F79EFBC}") = "Lab2-4_Task8", "Lab2-4_Task8\Lab2-4_Task8.csproj", "{8888A366-7277-4D79-A852-9C37660EC415}"
EndProject
Project("{FAE04EC0-301F-11D3-BF4B-00C04F79EFBC}") = "Lab2-4_Task11", "Lab2-4_Task11\Lab2-4_Task11.csproj", "{746F18B9-D98E-40F5-90F3-47B97137C1E9}"
EndProject
Project("{FAE04EC0-301F-11D3-BF4B-00C04F79EFBC}") = "Lab2-4_Task10", "Lab2-4_Task10\Lab2-4_Task10.csproj", "{A448055B-DC40-4133-81FF-E7157848E991}"
EndProject
Project("{FAE04EC0-301F-11D3-BF4B-00C04F79EFBC}") = "Lab2-4_Task12", "Lab2-4_Task12\Lab2-4_Task12.csproj", "{7C68428D-DEBD-449D-994C-B05ADA78E537}"
EndProject
Project("{FAE04EC0-301F-11D3-BF4B-00C04F79EFBC}") = "Lab2-4_Task14", "Lab2-4_Task14\Lab2-4_Task14.csproj", "{E26D2141-4F94-40F6-AEC3-B13432F02A2A}"
EndProject
Project("{FAE04EC0-301F-11D3-BF4B-00C04F79EFBC}") = "Lab2-4_Task13", "Lab2-4_Task13\Lab2-4_Task13.csproj", "{8ABBEC9B-AD78-476F-AA8D-0E44BA5A248A}"
EndProject
Project("{FAE04EC0-301F-11D3-BF4B-00C04F79EFBC}") = "Lab2-4_Task15", "Lab2-4_Task15\Lab2-4_Task15.csproj", "{D780947C-9E79-451D-8FC4-6B4FE10D7F11}"
EndProject
Project("{FAE04EC0-301F-11D3-BF4B-00C04F79EFBC}") = "Lab2-4_Task16", "Lab2-4_Task16\Lab2-4_Task16.csproj", "{BBFC9873-F836-4439-8B17-C4B6FEEA61ED}"
EndProject
Project("{FAE04EC0-301F-11D3-BF4B-00C04F79EFBC}") = "Lab2-4_Task17", "Lab2-4_Task17\Lab2-4_Task17.csproj", "{C1B1978B-037F-4CA3-BC48-884AEA1D4787}"
EndProject
Project("{FAE04EC0-301F-11D3-BF4B-00C04F79EFBC}") = "Lab2-4_Task18", "Lab2-4_Task18\Lab2-4_Task18.csproj", "{33F3A7E0-AC80-4118-9118-F5BAD4DE0248}"
EndProject
Project("{FAE04EC0-301F-11D3-BF4B-00C04F79EFBC}") = "Lab2-4_Task19", "Lab2-4_Task19\Lab2-4_Task19.csproj", "{B08D5113-8909-491F-AEEB-6F7DC9BA0074}"
EndProject
Project("{FAE04EC0-301F-11D3-BF4B-00C04F79EFBC}") = "Lab2-4_Task20", "Lab2-4_Task20\Lab2-4_Task20.csproj", "{49154175-B93D-4221-AC3F-03B668AA615E}"
EndProject
Global
	GlobalSection(SolutionConfigurationPlatforms) = preSolution
		Debug|Any CPU = Debug|Any CPU
		Release|Any CPU = Release|Any CPU
	EndGlobalSection
	GlobalSection(ProjectConfigurationPlatforms) = postSolution
		{6E4A7007-E42F-4804-B709-4BCB0645982D}.Debug|Any CPU.ActiveCfg = Debug|Any CPU
		{6E4A7007-E42F-4804-B709-4BCB0645982D}.Debug|Any CPU.Build.0 = Debug|Any CPU
		{6E4A7007-E42F-4804-B709-4BCB0645982D}.Release|Any CPU.ActiveCfg = Release|Any CPU
		{6E4A7007-E42F-4804-B709-4BCB0645982D}.Release|Any CPU.Build.0 = Release|Any CPU
		{F6365F33-6889-477B-8A94-EE5CF76B3B3B}.Debug|Any CPU.ActiveCfg = Debug|Any CPU
		{F6365F33-6889-477B-8A94-EE5CF76B3B3B}.Debug|Any CPU.Build.0 = Debug|Any CPU
		{F6365F33-6889-477B-8A94-EE5CF76B3B3B}.Release|Any CPU.ActiveCfg = Release|Any CPU
		{F6365F33-6889-477B-8A94-EE5CF76B3B3B}.Release|Any CPU.Build.0 = Release|Any CPU
		{74B1C449-7304-4EBD-8DD0-0B9B13EC8D1A}.Debug|Any CPU.ActiveCfg = Debug|Any CPU
		{74B1C449-7304-4EBD-8DD0-0B9B13EC8D1A}.Debug|Any CPU.Build.0 = Debug|Any CPU
		{74B1C449-7304-4EBD-8DD0-0B9B13EC8D1A}.Release|Any CPU.ActiveCfg = Release|Any CPU
		{74B1C449-7304-4EBD-8DD0-0B9B13EC8D1A}.Release|Any CPU.Build.0 = Release|Any CPU
		{013D030C-9F37-4FEE-AFCC-D36D53DEFFD7}.Debug|Any CPU.ActiveCfg = Debug|Any CPU
		{013D030C-9F37-4FEE-AFCC-D36D53DEFFD7}.Debug|Any CPU.Build.0 = Debug|Any CPU
		{013D030C-9F37-4FEE-AFCC-D36D53DEFFD7}.Release|Any CPU.ActiveCfg = Release|Any CPU
		{013D030C-9F37-4FEE-AFCC-D36D53DEFFD7}.Release|Any CPU.Build.0 = Release|Any CPU
		{CF19D08B-0EE0-4FC5-90EE-4172FEC8CB8A}.Debug|Any CPU.ActiveCfg = Debug|Any CPU
		{CF19D08B-0EE0-4FC5-90EE-4172FEC8CB8A}.Debug|Any CPU.Build.0 = Debug|Any CPU
		{CF19D08B-0EE0-4FC5-90EE-4172FEC8CB8A}.Release|Any CPU.ActiveCfg = Release|Any CPU
		{CF19D08B-0EE0-4FC5-90EE-4172FEC8CB8A}.Release|Any CPU.Build.0 = Release|Any CPU
		{47CA2EF8-003A-4410-BAAB-FAAF1D05E6A3}.Debug|Any CPU.ActiveCfg = Debug|Any CPU
		{47CA2EF8-003A-4410-BAAB-FAAF1D05E6A3}.Debug|Any CPU.Build.0 = Debug|Any CPU
		{47CA2EF8-003A-4410-BAAB-FAAF1D05E6A3}.Release|Any CPU.ActiveCfg = Release|Any CPU
		{47CA2EF8-003A-4410-BAAB-FAAF1D05E6A3}.Release|Any CPU.Build.0 = Release|Any CPU
		{B58FA78E-B85A-4A85-ACAF-6B11B481DB70}.Debug|Any CPU.ActiveCfg = Debug|Any CPU
		{B58FA78E-B85A-4A85-ACAF-6B11B481DB70}.Debug|Any CPU.Build.0 = Debug|Any CPU
		{B58FA78E-B85A-4A85-ACAF-6B11B481DB70}.Release|Any CPU.ActiveCfg = Release|Any CPU
		{B58FA78E-B85A-4A85-ACAF-6B11B481DB70}.Release|Any CPU.Build.0 = Release|Any CPU
		{B590FE0E-3C7F-42EE-8D3F-6E8056E2F2E3}.Debug|Any CPU.ActiveCfg = Debug|Any CPU
		{B590FE0E-3C7F-42EE-8D3F-6E8056E2F2E3}.Debug|Any CPU.Build.0 = Debug|Any CPU
		{B590FE0E-3C7F-42EE-8D3F-6E8056E2F2E3}.Release|Any CPU.ActiveCfg = Release|Any CPU
		{B590FE0E-3C7F-42EE-8D3F-6E8056E2F2E3}.Release|Any CPU.Build.0 = Release|Any CPU
		{80965F97-787E-4E09-B831-C3F2C34719DB}.Debug|Any CPU.ActiveCfg = Debug|Any CPU
		{80965F97-787E-4E09-B831-C3F2C34719DB}.Debug|Any CPU.Build.0 = Debug|Any CPU
		{80965F97-787E-4E09-B831-C3F2C34719DB}.Release|Any CPU.ActiveCfg = Release|Any CPU
		{80965F97-787E-4E09-B831-C3F2C34719DB}.Release|Any CPU.Build.0 = Release|Any CPU
		{8888A366-7277-4D79-A852-9C37660EC415}.Debug|Any CPU.ActiveCfg = Debug|Any CPU
		{8888A366-7277-4D79-A852-9C37660EC415}.Debug|Any CPU.Build.0 = Debug|Any CPU
		{8888A366-7277-4D79-A852-9C37660EC415}.Release|Any CPU.ActiveCfg = Release|Any CPU
		{8888A366-7277-4D79-A852-9C37660EC415}.Release|Any CPU.Build.0 = Release|Any CPU
		{746F18B9-D98E-40F5-90F3-47B97137C1E9}.Debug|Any CPU.ActiveCfg = Debug|Any CPU
		{746F18B9-D98E-40F5-90F3-47B97137C1E9}.Debug|Any CPU.Build.0 = Debug|Any CPU
		{746F18B9-D98E-40F5-90F3-47B97137C1E9}.Release|Any CPU.ActiveCfg = Release|Any CPU
		{746F18B9-D98E-40F5-90F3-47B97137C1E9}.Release|Any CPU.Build.0 = Release|Any CPU
		{A448055B-DC40-4133-81FF-E7157848E991}.Debug|Any CPU.ActiveCfg = Debug|Any CPU
		{A448055B-DC40-4133-81FF-E7157848E991}.Debug|Any CPU.Build.0 = Debug|Any CPU
		{A448055B-DC40-4133-81FF-E7157848E991}.Release|Any CPU.ActiveCfg = Release|Any CPU
		{A448055B-DC40-4133-81FF-E7157848E991}.Release|Any CPU.Build.0 = Release|Any CPU
		{7C68428D-DEBD-449D-994C-B05ADA78E537}.Debug|Any CPU.ActiveCfg = Debug|Any CPU
		{7C68428D-DEBD-449D-994C-B05ADA78E537}.Debug|Any CPU.Build.0 = Debug|Any CPU
		{7C68428D-DEBD-449D-994C-B05ADA78E537}.Release|Any CPU.ActiveCfg = Release|Any CPU
		{7C68428D-DEBD-449D-994C-B05ADA78E537}.Release|Any CPU.Build.0 = Release|Any CPU
		{E26D2141-4F94-40F6-AEC3-B13432F02A2A}.Debug|Any CPU.ActiveCfg = Debug|Any CPU
		{E26D2141-4F94-40F6-AEC3-B13432F02A2A}.Debug|Any CPU.Build.0 = Debug|Any CPU
		{E26D2141-4F94-40F6-AEC3-B13432F02A2A}.Release|Any CPU.ActiveCfg = Release|Any CPU
		{E26D2141-4F94-40F6-AEC3-B13432F02A2A}.Release|Any CPU.Build.0 = Release|Any CPU
		{8ABBEC9B-AD78-476F-AA8D-0E44BA5A248A}.Debug|Any CPU.ActiveCfg = Debug|Any CPU
		{8ABBEC9B-AD78-476F-AA8D-0E44BA5A248A}.Debug|Any CPU.Build.0 = Debug|Any CPU
		{8ABBEC9B-AD78-476F-AA8D-0E44BA5A248A}.Release|Any CPU.ActiveCfg = Release|Any CPU
		{8ABBEC9B-AD78-476F-AA8D-0E44BA5A248A}.Release|Any CPU.Build.0 = Release|Any CPU
		{D780947C-9E79-451D-8FC4-6B4FE10D7F11}.Debug|Any CPU.ActiveCfg = Debug|Any CPU
		{D780947C-9E79-451D-8FC4-6B4FE10D7F11}.Debug|Any CPU.Build.0 = Debug|Any CPU
		{D780947C-9E79-451D-8FC4-6B4FE10D7F11}.Release|Any CPU.ActiveCfg = Release|Any CPU
		{D780947C-9E79-451D-8FC4-6B4FE10D7F11}.Release|Any CPU.Build.0 = Release|Any CPU
		{BBFC9873-F836-4439-8B17-C4B6FEEA61ED}.Debug|Any CPU.ActiveCfg = Debug|Any CPU
		{BBFC9873-F836-4439-8B17-C4B6FEEA61ED}.Debug|Any CPU.Build.0 = Debug|Any CPU
		{BBFC9873-F836-4439-8B17-C4B6FEEA61ED}.Release|Any CPU.ActiveCfg = Release|Any CPU
		{BBFC9873-F836-4439-8B17-C4B6FEEA61ED}.Release|Any CPU.Build.0 = Release|Any CPU
		{C1B1978B-037F-4CA3-BC48-884AEA1D4787}.Debug|Any CPU.ActiveCfg = Debug|Any CPU
		{C1B1978B-037F-4CA3-BC48-884AEA1D4787}.Debug|Any CPU.Build.0 = Debug|Any CPU
		{C1B1978B-037F-4CA3-BC48-884AEA1D4787}.Release|Any CPU.ActiveCfg = Release|Any CPU
		{C1B1978B-037F-4CA3-BC48-884AEA1D4787}.Release|Any CPU.Build.0 = Release|Any CPU
		{33F3A7E0-AC80-4118-9118-F5BAD4DE0248}.Debug|Any CPU.ActiveCfg = Debug|Any CPU
		{33F3A7E0-AC80-4118-9118-F5BAD4DE0248}.Debug|Any CPU.Build.0 = Debug|Any CPU
		{33F3A7E0-AC80-4118-9118-F5BAD4DE0248}.Release|Any CPU.ActiveCfg = Release|Any CPU
		{33F3A7E0-AC80-4118-9118-F5BAD4DE0248}.Release|Any CPU.Build.0 = Release|Any CPU
		{B08D5113-8909-491F-AEEB-6F7DC9BA0074}.Debug|Any CPU.ActiveCfg = Debug|Any CPU
		{B08D5113-8909-491F-AEEB-6F7DC9BA0074}.Debug|Any CPU.Build.0 = Debug|Any CPU
		{B08D5113-8909-491F-AEEB-6F7DC9BA0074}.Release|Any CPU.ActiveCfg = Release|Any CPU
		{B08D5113-8909-491F-AEEB-6F7DC9BA0074}.Release|Any CPU.Build.0 = Release|Any CPU
		{49154175-B93D-4221-AC3F-03B668AA615E}.Debug|Any CPU.ActiveCfg = Debug|Any CPU
		{49154175-B93D-4221-AC3F-03B668AA615E}.Debug|Any CPU.Build.0 = Debug|Any CPU
		{49154175-B93D-4221-AC3F-03B668AA615E}.Release|Any CPU.ActiveCfg = Release|Any CPU
		{49154175-B93D-4221-AC3F-03B668AA615E}.Release|Any CPU.Build.0 = Release|Any CPU
	EndGlobalSection
	GlobalSection(SolutionProperties) = preSolution
		HideSolutionNode = FALSE
	EndGlobalSection
	GlobalSection(ExtensibilityGlobals) = postSolution
		SolutionGuid = {CADFFD11-E4F4-4529-935B-4951A47B5D6E}
	EndGlobalSection
EndGlobal
